// !$*UTF8*$!
{
	archiveVersion = 1;
	classes = {
	};
	objectVersion = 46;
	objects = {

/* Begin PBXBuildFile section */
		2B162FED1EAEE08D00F46613 /* BarChartViewController.swift in Sources */ = {isa = PBXBuildFile; fileRef = 2B162FEC1EAEE08D00F46613 /* BarChartViewController.swift */; };
		2B162FEF1EAEE0AB00F46613 /* MainViewController.swift in Sources */ = {isa = PBXBuildFile; fileRef = 2B162FEE1EAEE0AB00F46613 /* MainViewController.swift */; };
		2B17EAA81EAB0DB600D1C09C /* AppDelegate.swift in Sources */ = {isa = PBXBuildFile; fileRef = 2B17EAA71EAB0DB600D1C09C /* AppDelegate.swift */; };
		2B17EAAD1EAB0DB600D1C09C /* Main.storyboard in Resources */ = {isa = PBXBuildFile; fileRef = 2B17EAAB1EAB0DB600D1C09C /* Main.storyboard */; };
		2B17EAB01EAB0DB600D1C09C /* InteractiveChart.xcdatamodeld in Sources */ = {isa = PBXBuildFile; fileRef = 2B17EAAE1EAB0DB600D1C09C /* InteractiveChart.xcdatamodeld */; };
		2B17EAB21EAB0DB600D1C09C /* Assets.xcassets in Resources */ = {isa = PBXBuildFile; fileRef = 2B17EAB11EAB0DB600D1C09C /* Assets.xcassets */; };
		2B17EAB51EAB0DB600D1C09C /* LaunchScreen.storyboard in Resources */ = {isa = PBXBuildFile; fileRef = 2B17EAB31EAB0DB600D1C09C /* LaunchScreen.storyboard */; };
		886239D7008174BF91D75D09 /* Pods_InteractiveChart.framework in Frameworks */ = {isa = PBXBuildFile; fileRef = 74F7EA4F6D2D2EE01EE140D0 /* Pods_InteractiveChart.framework */; };
/* End PBXBuildFile section */

/* Begin PBXFileReference section */
		186CDC4C9B7B3B8D24E991D4 /* Pods-InteractiveChart.release.xcconfig */ = {isa = PBXFileReference; includeInIndex = 1; lastKnownFileType = text.xcconfig; name = "Pods-InteractiveChart.release.xcconfig"; path = "Pods/Target Support Files/Pods-InteractiveChart/Pods-InteractiveChart.release.xcconfig"; sourceTree = "<group>"; };
		2B162FEC1EAEE08D00F46613 /* BarChartViewController.swift */ = {isa = PBXFileReference; fileEncoding = 4; lastKnownFileType = sourcecode.swift; path = BarChartViewController.swift; sourceTree = "<group>"; };
		2B162FEE1EAEE0AB00F46613 /* MainViewController.swift */ = {isa = PBXFileReference; fileEncoding = 4; lastKnownFileType = sourcecode.swift; path = MainViewController.swift; sourceTree = "<group>"; };
		2B17EAA41EAB0DB600D1C09C /* InteractiveChart.app */ = {isa = PBXFileReference; explicitFileType = wrapper.application; includeInIndex = 0; path = InteractiveChart.app; sourceTree = BUILT_PRODUCTS_DIR; };
		2B17EAA71EAB0DB600D1C09C /* AppDelegate.swift */ = {isa = PBXFileReference; lastKnownFileType = sourcecode.swift; path = AppDelegate.swift; sourceTree = "<group>"; };
		2B17EAAC1EAB0DB600D1C09C /* Base */ = {isa = PBXFileReference; lastKnownFileType = file.storyboard; name = Base; path = Base.lproj/Main.storyboard; sourceTree = "<group>"; };
		2B17EAAF1EAB0DB600D1C09C /* InteractiveChart.xcdatamodel */ = {isa = PBXFileReference; lastKnownFileType = wrapper.xcdatamodel; path = InteractiveChart.xcdatamodel; sourceTree = "<group>"; };
		2B17EAB11EAB0DB600D1C09C /* Assets.xcassets */ = {isa = PBXFileReference; lastKnownFileType = folder.assetcatalog; path = Assets.xcassets; sourceTree = "<group>"; };
		2B17EAB41EAB0DB600D1C09C /* Base */ = {isa = PBXFileReference; lastKnownFileType = file.storyboard; name = Base; path = Base.lproj/LaunchScreen.storyboard; sourceTree = "<group>"; };
		2B17EAB61EAB0DB600D1C09C /* Info.plist */ = {isa = PBXFileReference; lastKnownFileType = text.plist.xml; path = Info.plist; sourceTree = "<group>"; };
		74F7EA4F6D2D2EE01EE140D0 /* Pods_InteractiveChart.framework */ = {isa = PBXFileReference; explicitFileType = wrapper.framework; includeInIndex = 0; path = Pods_InteractiveChart.framework; sourceTree = BUILT_PRODUCTS_DIR; };
		E288E63AAB21B0BD111798FE /* Pods-InteractiveChart.debug.xcconfig */ = {isa = PBXFileReference; includeInIndex = 1; lastKnownFileType = text.xcconfig; name = "Pods-InteractiveChart.debug.xcconfig"; path = "Pods/Target Support Files/Pods-InteractiveChart/Pods-InteractiveChart.debug.xcconfig"; sourceTree = "<group>"; };
/* End PBXFileReference section */

/* Begin PBXFrameworksBuildPhase section */
		2B17EAA11EAB0DB600D1C09C /* Frameworks */ = {
			isa = PBXFrameworksBuildPhase;
			buildActionMask = 2147483647;
			files = (
				886239D7008174BF91D75D09 /* Pods_InteractiveChart.framework in Frameworks */,
			);
			runOnlyForDeploymentPostprocessing = 0;
		};
/* End PBXFrameworksBuildPhase section */

/* Begin PBXGroup section */
		29F7CDE49761B4BAD0E1C6AF /* Frameworks */ = {
			isa = PBXGroup;
			children = (
				74F7EA4F6D2D2EE01EE140D0 /* Pods_InteractiveChart.framework */,
			);
			name = Frameworks;
			sourceTree = "<group>";
		};
		2B17EA9B1EAB0DB600D1C09C = {
			isa = PBXGroup;
			children = (
				2B17EAA61EAB0DB600D1C09C /* InteractiveChart */,
				2B17EAA51EAB0DB600D1C09C /* Products */,
				3AEE8377F4059D3DF6124EBE /* Pods */,
				29F7CDE49761B4BAD0E1C6AF /* Frameworks */,
			);
			sourceTree = "<group>";
		};
		2B17EAA51EAB0DB600D1C09C /* Products */ = {
			isa = PBXGroup;
			children = (
				2B17EAA41EAB0DB600D1C09C /* InteractiveChart.app */,
			);
			name = Products;
			sourceTree = "<group>";
		};
		2B17EAA61EAB0DB600D1C09C /* InteractiveChart */ = {
			isa = PBXGroup;
			children = (
				2B17EAA71EAB0DB600D1C09C /* AppDelegate.swift */,
				2B162FEE1EAEE0AB00F46613 /* MainViewController.swift */,
				2B162FEC1EAEE08D00F46613 /* BarChartViewController.swift */,
				2B17EAAB1EAB0DB600D1C09C /* Main.storyboard */,
				2B17EAB11EAB0DB600D1C09C /* Assets.xcassets */,
				2B17EAB31EAB0DB600D1C09C /* LaunchScreen.storyboard */,
				2B17EAB61EAB0DB600D1C09C /* Info.plist */,
				2B17EAAE1EAB0DB600D1C09C /* InteractiveChart.xcdatamodeld */,
			);
			path = InteractiveChart;
			sourceTree = "<group>";
		};
		3AEE8377F4059D3DF6124EBE /* Pods */ = {
			isa = PBXGroup;
			children = (
				E288E63AAB21B0BD111798FE /* Pods-InteractiveChart.debug.xcconfig */,
				186CDC4C9B7B3B8D24E991D4 /* Pods-InteractiveChart.release.xcconfig */,
			);
			name = Pods;
			sourceTree = "<group>";
		};
/* End PBXGroup section */

/* Begin PBXNativeTarget section */
		2B17EAA31EAB0DB600D1C09C /* InteractiveChart */ = {
			isa = PBXNativeTarget;
			buildConfigurationList = 2B17EAB91EAB0DB600D1C09C /* Build configuration list for PBXNativeTarget "InteractiveChart" */;
			buildPhases = (
				A427A590DB123030E49952D9 /* [CP] Check Pods Manifest.lock */,
				2B17EAA01EAB0DB600D1C09C /* Sources */,
				2B17EAA11EAB0DB600D1C09C /* Frameworks */,
				2B17EAA21EAB0DB600D1C09C /* Resources */,
				319541DDDEAAE5542F794454 /* [CP] Embed Pods Frameworks */,
				312376BB40C31CC9DCA1376D /* [CP] Copy Pods Resources */,
			);
			buildRules = (
			);
			dependencies = (
			);
			name = InteractiveChart;
			productName = InteractiveChart;
			productReference = 2B17EAA41EAB0DB600D1C09C /* InteractiveChart.app */;
			productType = "com.apple.product-type.application";
		};
/* End PBXNativeTarget section */

/* Begin PBXProject section */
		2B17EA9C1EAB0DB600D1C09C /* Project object */ = {
			isa = PBXProject;
			attributes = {
				LastSwiftUpdateCheck = 0830;
				LastUpgradeCheck = 0830;
				ORGANIZATIONNAME = "Victor Hong";
				TargetAttributes = {
					2B17EAA31EAB0DB600D1C09C = {
						CreatedOnToolsVersion = 8.3.1;
						DevelopmentTeam = S7KV3J2AMW;
						ProvisioningStyle = Automatic;
					};
				};
			};
			buildConfigurationList = 2B17EA9F1EAB0DB600D1C09C /* Build configuration list for PBXProject "InteractiveChart" */;
			compatibilityVersion = "Xcode 3.2";
			developmentRegion = English;
			hasScannedForEncodings = 0;
			knownRegions = (
				en,
				Base,
			);
			mainGroup = 2B17EA9B1EAB0DB600D1C09C;
			productRefGroup = 2B17EAA51EAB0DB600D1C09C /* Products */;
			projectDirPath = "";
			projectRoot = "";
			targets = (
				2B17EAA31EAB0DB600D1C09C /* InteractiveChart */,
			);
		};
/* End PBXProject section */

/* Begin PBXResourcesBuildPhase section */
		2B17EAA21EAB0DB600D1C09C /* Resources */ = {
			isa = PBXResourcesBuildPhase;
			buildActionMask = 2147483647;
			files = (
				2B17EAB51EAB0DB600D1C09C /* LaunchScreen.storyboard in Resources */,
				2B17EAB21EAB0DB600D1C09C /* Assets.xcassets in Resources */,
				2B17EAAD1EAB0DB600D1C09C /* Main.storyboard in Resources */,
			);
			runOnlyForDeploymentPostprocessing = 0;
		};
/* End PBXResourcesBuildPhase section */

/* Begin PBXShellScriptBuildPhase section */
		312376BB40C31CC9DCA1376D /* [CP] Copy Pods Resources */ = {
			isa = PBXShellScriptBuildPhase;
			buildActionMask = 2147483647;
			files = (
			);
			inputPaths = (
			);
			name = "[CP] Copy Pods Resources";
			outputPaths = (
			);
			runOnlyForDeploymentPostprocessing = 0;
			shellPath = /bin/sh;
			shellScript = "\"${SRCROOT}/Pods/Target Support Files/Pods-InteractiveChart/Pods-InteractiveChart-resources.sh\"\n";
			showEnvVarsInLog = 0;
		};
		319541DDDEAAE5542F794454 /* [CP] Embed Pods Frameworks */ = {
			isa = PBXShellScriptBuildPhase;
			buildActionMask = 2147483647;
			files = (
			);
			inputPaths = (
			);
			name = "[CP] Embed Pods Frameworks";
			outputPaths = (
			);
			runOnlyForDeploymentPostprocessing = 0;
			shellPath = /bin/sh;
			shellScript = "\"${SRCROOT}/Pods/Target Support Files/Pods-InteractiveChart/Pods-InteractiveChart-frameworks.sh\"\n";
			showEnvVarsInLog = 0;
		};
		A427A590DB123030E49952D9 /* [CP] Check Pods Manifest.lock */ = {
			isa = PBXShellScriptBuildPhase;
			buildActionMask = 2147483647;
			files = (
			);
			inputPaths = (
			);
			name = "[CP] Check Pods Manifest.lock";
			outputPaths = (
			);
			runOnlyForDeploymentPostprocessing = 0;
			shellPath = /bin/sh;
			shellScript = "diff \"${PODS_ROOT}/../Podfile.lock\" \"${PODS_ROOT}/Manifest.lock\" > /dev/null\nif [ $? != 0 ] ; then\n    # print error to STDERR\n    echo \"error: The sandbox is not in sync with the Podfile.lock. Run 'pod install' or update your CocoaPods installation.\" >&2\n    exit 1\nfi\n";
			showEnvVarsInLog = 0;
		};
/* End PBXShellScriptBuildPhase section */

/* Begin PBXSourcesBuildPhase section */
		2B17EAA01EAB0DB600D1C09C /* Sources */ = {
			isa = PBXSourcesBuildPhase;
			buildActionMask = 2147483647;
			files = (
				2B17EAB01EAB0DB600D1C09C /* InteractiveChart.xcdatamodeld in Sources */,
				2B17EAA81EAB0DB600D1C09C /* AppDelegate.swift in Sources */,
				2B162FED1EAEE08D00F46613 /* BarChartViewController.swift in Sources */,
				2B162FEF1EAEE0AB00F46613 /* MainViewController.swift in Sources */,
			);
			runOnlyForDeploymentPostprocessing = 0;
		};
/* End PBXSourcesBuildPhase section */

/* Begin PBXVariantGroup section */
		2B17EAAB1EAB0DB600D1C09C /* Main.storyboard */ = {
			isa = PBXVariantGroup;
			children = (
				2B17EAAC1EAB0DB600D1C09C /* Base */,
			);
			name = Main.storyboard;
			sourceTree = "<group>";
		};
		2B17EAB31EAB0DB600D1C09C /* LaunchScreen.storyboard */ = {
			isa = PBXVariantGroup;
			children = (
				2B17EAB41EAB0DB600D1C09C /* Base */,
			);
			name = LaunchScreen.storyboard;
			sourceTree = "<group>";
		};
/* End PBXVariantGroup section */

/* Begin XCBuildConfiguration section */
		2B17EAB71EAB0DB600D1C09C /* Debug */ = {
			isa = XCBuildConfiguration;
			buildSettings = {
				ALWAYS_SEARCH_USER_PATHS = NO;
				CLANG_ANALYZER_NONNULL = YES;
				CLANG_ANALYZER_NUMBER_OBJECT_CONVERSION = YES_AGGRESSIVE;
				CLANG_CXX_LANGUAGE_STANDARD = "gnu++0x";
				CLANG_CXX_LIBRARY = "libc++";
				CLANG_ENABLE_MODULES = YES;
				CLANG_ENABLE_OBJC_ARC = YES;
				CLANG_WARN_BOOL_CONVERSION = YES;
				CLANG_WARN_CONSTANT_CONVERSION = YES;
				CLANG_WARN_DIRECT_OBJC_ISA_USAGE = YES_ERROR;
				CLANG_WARN_DOCUMENTATION_COMMENTS = YES;
				CLANG_WARN_EMPTY_BODY = YES;
				CLANG_WARN_ENUM_CONVERSION = YES;
				CLANG_WARN_INFINITE_RECURSION = YES;
				CLANG_WARN_INT_CONVERSION = YES;
				CLANG_WARN_OBJC_ROOT_CLASS = YES_ERROR;
				CLANG_WARN_SUSPICIOUS_MOVE = YES;
				CLANG_WARN_UNREACHABLE_CODE = YES;
				CLANG_WARN__DUPLICATE_METHOD_MATCH = YES;
				"CODE_SIGN_IDENTITY[sdk=iphoneos*]" = "iPhone Developer";
				COPY_PHASE_STRIP = NO;
				DEBUG_INFORMATION_FORMAT = dwarf;
				ENABLE_STRICT_OBJC_MSGSEND = YES;
				ENABLE_TESTABILITY = YES;
				GCC_C_LANGUAGE_STANDARD = gnu99;
				GCC_DYNAMIC_NO_PIC = NO;
				GCC_NO_COMMON_BLOCKS = YES;
				GCC_OPTIMIZATION_LEVEL = 0;
				GCC_PREPROCESSOR_DEFINITIONS = (
					"DEBUG=1",
					"$(inherited)",
				);
				GCC_WARN_64_TO_32_BIT_CONVERSION = YES;
				GCC_WARN_ABOUT_RETURN_TYPE = YES_ERROR;
				GCC_WARN_UNDECLARED_SELECTOR = YES;
				GCC_WARN_UNINITIALIZED_AUTOS = YES_AGGRESSIVE;
				GCC_WARN_UNUSED_FUNCTION = YES;
				GCC_WARN_UNUSED_VARIABLE = YES;
				IPHONEOS_DEPLOYMENT_TARGET = 10.3;
				MTL_ENABLE_DEBUG_INFO = YES;
				ONLY_ACTIVE_ARCH = YES;
				SDKROOT = iphoneos;
				SWIFT_ACTIVE_COMPILATION_CONDITIONS = DEBUG;
				SWIFT_OPTIMIZATION_LEVEL = "-Onone";
				TARGETED_DEVICE_FAMILY = "1,2";
			};
			name = Debug;
		};
		2B17EAB81EAB0DB600D1C09C /* Release */ = {
			isa = XCBuildConfiguration;
			buildSettings = {
				ALWAYS_SEARCH_USER_PATHS = NO;
				CLANG_ANALYZER_NONNULL = YES;
				CLANG_ANALYZER_NUMBER_OBJECT_CONVERSION = YES_AGGRESSIVE;
				CLANG_CXX_LANGUAGE_STANDARD = "gnu++0x";
				CLANG_CXX_LIBRARY = "libc++";
				CLANG_ENABLE_MODULES = YES;
				CLANG_ENABLE_OBJC_ARC = YES;
				CLANG_WARN_BOOL_CONVERSION = YES;
				CLANG_WARN_CONSTANT_CONVERSION = YES;
				CLANG_WARN_DIRECT_OBJC_ISA_USAGE = YES_ERROR;
				CLANG_WARN_DOCUMENTATION_COMMENTS = YES;
				CLANG_WARN_EMPTY_BODY = YES;
				CLANG_WARN_ENUM_CONVERSION = YES;
				CLANG_WARN_INFINITE_RECURSION = YES;
				CLANG_WARN_INT_CONVERSION = YES;
				CLANG_WARN_OBJC_ROOT_CLASS = YES_ERROR;
				CLANG_WARN_SUSPICIOUS_MOVE = YES;
				CLANG_WARN_UNREACHABLE_CODE = YES;
				CLANG_WARN__DUPLICATE_METHOD_MATCH = YES;
				"CODE_SIGN_IDENTITY[sdk=iphoneos*]" = "iPhone Developer";
				COPY_PHASE_STRIP = NO;
				DEBUG_INFORMATION_FORMAT = "dwarf-with-dsym";
				ENABLE_NS_ASSERTIONS = NO;
				ENABLE_STRICT_OBJC_MSGSEND = YES;
				GCC_C_LANGUAGE_STANDARD = gnu99;
				GCC_NO_COMMON_BLOCKS = YES;
				GCC_WARN_64_TO_32_BIT_CONVERSION = YES;
				GCC_WARN_ABOUT_RETURN_TYPE = YES_ERROR;
				GCC_WARN_UNDECLARED_SELECTOR = YES;
				GCC_WARN_UNINITIALIZED_AUTOS = YES_AGGRESSIVE;
				GCC_WARN_UNUSED_FUNCTION = YES;
				GCC_WARN_UNUSED_VARIABLE = YES;
				IPHONEOS_DEPLOYMENT_TARGET = 10.3;
				MTL_ENABLE_DEBUG_INFO = NO;
				SDKROOT = iphoneos;
				SWIFT_OPTIMIZATION_LEVEL = "-Owholemodule";
				TARGETED_DEVICE_FAMILY = "1,2";
				VALIDATE_PRODUCT = YES;
			};
			name = Release;
		};
		2B17EABA1EAB0DB600D1C09C /* Debug */ = {
			isa = XCBuildConfiguration;
			baseConfigurationReference = E288E63AAB21B0BD111798FE /* Pods-InteractiveChart.debug.xcconfig */;
			buildSettings = {
				ALWAYS_EMBED_SWIFT_STANDARD_LIBRARIES = YES;
				ASSETCATALOG_COMPILER_APPICON_NAME = AppIcon;
				DEVELOPMENT_TEAM = S7KV3J2AMW;
				INFOPLIST_FILE = InteractiveChart/Info.plist;
				LD_RUNPATH_SEARCH_PATHS = "$(inherited) @executable_path/Frameworks";
				PRODUCT_BUNDLE_IDENTIFIER = com.victorhong.InteractiveChart;
				PRODUCT_NAME = "$(TARGET_NAME)";
				SWIFT_VERSION = 3.0;
			};
			name = Debug;
		};
		2B17EABB1EAB0DB600D1C09C /* Release */ = {
			isa = XCBuildConfiguration;
			baseConfigurationReference = 186CDC4C9B7B3B8D24E991D4 /* Pods-InteractiveChart.release.xcconfig */;
			buildSettings = {
				ALWAYS_EMBED_SWIFT_STANDARD_LIBRARIES = YES;
				ASSETCATALOG_COMPILER_APPICON_NAME = AppIcon;
				DEVELOPMENT_TEAM = S7KV3J2AMW;
				INFOPLIST_FILE = InteractiveChart/Info.plist;
				LD_RUNPATH_SEARCH_PATHS = "$(inherited) @executable_path/Frameworks";
				PRODUCT_BUNDLE_IDENTIFIER = com.victorhong.InteractiveChart;
				PRODUCT_NAME = "$(TARGET_NAME)";
				SWIFT_VERSION = 3.0;
			};
			name = Release;
		};
/* End XCBuildConfiguration section */

/* Begin XCConfigurationList section */
		2B17EA9F1EAB0DB600D1C09C /* Build configuration list for PBXProject "InteractiveChart" */ = {
			isa = XCConfigurationList;
			buildConfigurations = (
				2B17EAB71EAB0DB600D1C09C /* Debug */,
				2B17EAB81EAB0DB600D1C09C /* Release */,
			);
			defaultConfigurationIsVisible = 0;
			defaultConfigurationName = Release;
		};
		2B17EAB91EAB0DB600D1C09C /* Build configuration list for PBXNativeTarget "InteractiveChart" */ = {
			isa = XCConfigurationList;
			buildConfigurations = (
				2B17EABA1EAB0DB600D1C09C /* Debug */,
				2B17EABB1EAB0DB600D1C09C /* Release */,
			);
			defaultConfigurationIsVisible = 0;
			defaultConfigurationName = Release;
		};
/* End XCConfigurationList section */

/* Begin XCVersionGroup section */
		2B17EAAE1EAB0DB600D1C09C /* InteractiveChart.xcdatamodeld */ = {
			isa = XCVersionGroup;
			children = (
				2B17EAAF1EAB0DB600D1C09C /* InteractiveChart.xcdatamodel */,
			);
			currentVersion = 2B17EAAF1EAB0DB600D1C09C /* InteractiveChart.xcdatamodel */;
			path = InteractiveChart.xcdatamodeld;
			sourceTree = "<group>";
			versionGroupType = wrapper.xcdatamodel;
		};
/* End XCVersionGroup section */
	};
	rootObject = 2B17EA9C1EAB0DB600D1C09C /* Project object */;
}
